{
  "name": "opencomputer-example-scale-demo",
  "version": "0.1.0",
  "lockfileVersion": 3,
  "requires": true,
  "packages": {
    "": {
      "name": "opencomputer-example-scale-demo",
      "version": "0.1.0",
      "dependencies": {
        "@opencomputer/agent": "^0.5.0",
        "@opencomputer/sdk": "^2.3.0",
        "cloudflared": "^0.7.3"
      }
    },
    "node_modules/@opencomputer/agent": {
      "version": "0.5.3",
      "resolved": "https://registry.npmjs.org/@opencomputer/agent/-/agent-0.5.3.tgz",
      "integrity": "sha512-cedujmBX8MnshPLAwo+XbB+LRsqBJx+IM/672z/KKHV8R89HVUaJ5sf6mMkMCtS0hJu8PA5OlOnsuI7OKL6W+w==",
      "dependencies": {
        "croner": "^9.1.0"
      },
      "engines": {
        "node": ">=22.0.0"
      }
    },
    "node_modules/@opencomputer/sdk": {
      "version": "2.3.0",
      "resolved": "https://registry.npmjs.org/@opencomputer/sdk/-/sdk-2.3.0.tgz",
      "integrity": "sha512-fhDk/8vSC7ja991PYr7vs02W73UYq2eeh6EsNV4Bcm44HRO4sbPvIgbXO5pURYAWBUIavuLnaqrbYyw4719IVA==",
      "license": "MIT",
      "dependencies": {
        "undici": "^6.0.0 || ^7.0.0"
      },
      "engines": {
        "node": ">=18"
      }
    },
    "node_modules/cloudflared": {
      "version": "0.7.3",
      "resolved": "https://registry.npmjs.org/cloudflared/-/cloudflared-0.7.3.tgz",
      "integrity": "sha512-dR4QMS4PbD287QqOV/vAoE1BcQCXphLOVrN9vjNUgkLrPDA5qxn9Dz0VId0P7/Czj4Mxu3hoLgbrVx5OtOWr5Q==",
      "hasInstallScript": true,
      "license": "MIT",
      "bin": {
        "cloudflared": "lib/cloudflared.js"
      }
    },
    "node_modules/croner": {
      "version": "9.1.0",
      "resolved": "https://registry.npmjs.org/croner/-/croner-9.1.0.tgz",
      "integrity": "sha512-p9nwwR4qyT5W996vBZhdvBCnMhicY5ytZkR4D1Xj0wuTDEiMnjwR57Q3RXYY/s0EpX6Ay3vgIcfaR+ewGHsi+g==",
      "license": "MIT",
      "engines": {
        "node": ">=18.0"
      }
    },
    "node_modules/undici": {
      "version": "7.30.0",
      "resolved": "https://registry.npmjs.org/undici/-/undici-7.30.0.tgz",
      "integrity": "sha512-dkrQXeHSaoamnItlYbmzG0wFYrM0ZwDxCIg0A7aKjTyyhh9svRzCNFEzV+Vm05/yehjCzjDZ31KXfGEjYSztDQ==",
      "license": "MIT",
      "engines": {
        "node": ">=20.18.1"
      }
    }
  }
}
